
Microsoft Visual Studio Solution File, Format Version 12.00
# Visual Studio Version 17
VisualStudioVersion = 17.9.34622.214
MinimumVisualStudioVersion = 10.0.40219.1
Project("{FAE04EC0-301F-11D3-BF4B-00C04F79EFBC}") = "GridMakerProject", "GridMakerProject\GridMakerProject.csproj", "{970BF344-C573-4703-8E47-24570BF5A695}"
EndProject
Global
	GlobalSection(SolutionConfigurationPlatforms) = preSolution
		Debug|Any CPU = Debug|Any CPU
		Release|Any CPU = Release|Any CPU
	EndGlobalSection
	GlobalSection(ProjectConfigurationPlatforms) = postSolution
		{970BF344-C573-4703-8E47-24570BF5A695}.Debug|Any CPU.ActiveCfg = Debug|Any CPU
		{970BF344-C573-4703-8E47-24570BF5A695}.Debug|Any CPU.Build.0 = Debug|Any CPU
		{970BF344-C573-4703-8E47-24570BF5A695}.Release|Any CPU.ActiveCfg = Release|Any CPU
		{970BF344-C573-4703-8E47-24570BF5A695}.Release|Any CPU.Build.0 = Release|Any CPU
	EndGlobalSection
	GlobalSection(SolutionProperties) = preSolution
		HideSolutionNode = FALSE
	EndGlobalSection
	GlobalSection(ExtensibilityGlobals) = postSolution
		SolutionGuid = {4249E910-71A6-46A4-9BAA-A3CA5B12C4E6}
	EndGlobalSection
EndGlobal
